
Microsoft Visual Studio Solution File, Format Version 12.00
# Visual Studio Version 17
VisualStudioVersion = 17.2.32526.322
MinimumVisualStudioVersion = 10.0.40219.1
Project("{FAE04EC0-301F-11D3-BF4B-00C04F79EFBC}") = "Introduction to Decision Making in CSharp", "Introduction to Decision Making in CSharp.csproj", "{AD2F9AD3-E576-414B-9BC3-6804EA4A1955}"
EndProject
Global
	GlobalSection(SolutionConfigurationPlatforms) = preSolution
		Debug|Any CPU = Debug|Any CPU
		Release|Any CPU = Release|Any CPU
	EndGlobalSection
	GlobalSection(ProjectConfigurationPlatforms) = postSolution
		{AD2F9AD3-E576-414B-9BC3-6804EA4A1955}.Debug|Any CPU.ActiveCfg = Debug|Any CPU
		{AD2F9AD3-E576-414B-9BC3-6804EA4A1955}.Debug|Any CPU.Build.0 = Debug|Any CPU
		{AD2F9AD3-E576-414B-9BC3-6804EA4A1955}.Release|Any CPU.ActiveCfg = Release|Any CPU
		{AD2F9AD3-E576-414B-9BC3-6804EA4A1955}.Release|Any CPU.Build.0 = Release|Any CPU
	EndGlobalSection
	GlobalSection(SolutionProperties) = preSolution
		HideSolutionNode = FALSE
	EndGlobalSection
	GlobalSection(ExtensibilityGlobals) = postSolution
		SolutionGuid = {CF92DCE9-6E90-4EA6-8642-545891B2893A}
	EndGlobalSection
EndGlobal
