
Microsoft Visual Studio Solution File, Format Version 12.00
# Visual Studio Version 17
VisualStudioVersion = 17.2.32526.322
MinimumVisualStudioVersion = 10.0.40219.1
Project("{FAE04EC0-301F-11D3-BF4B-00C04F79EFBC}") = "Challenge_1", "Challenge_1.csproj", "{0E9A655C-183E-4BBC-81B0-BFB3B2C82DC9}"
EndProject
Global
	GlobalSection(SolutionConfigurationPlatforms) = preSolution
		Debug|Any CPU = Debug|Any CPU
		Release|Any CPU = Release|Any CPU
	EndGlobalSection
	GlobalSection(ProjectConfigurationPlatforms) = postSolution
		{0E9A655C-183E-4BBC-81B0-BFB3B2C82DC9}.Debug|Any CPU.ActiveCfg = Debug|Any CPU
		{0E9A655C-183E-4BBC-81B0-BFB3B2C82DC9}.Debug|Any CPU.Build.0 = Debug|Any CPU
		{0E9A655C-183E-4BBC-81B0-BFB3B2C82DC9}.Release|Any CPU.ActiveCfg = Release|Any CPU
		{0E9A655C-183E-4BBC-81B0-BFB3B2C82DC9}.Release|Any CPU.Build.0 = Release|Any CPU
	EndGlobalSection
	GlobalSection(SolutionProperties) = preSolution
		HideSolutionNode = FALSE
	EndGlobalSection
	GlobalSection(ExtensibilityGlobals) = postSolution
		SolutionGuid = {C865E32A-3249-47BD-A0C6-7CECB5B8FE1D}
	EndGlobalSection
EndGlobal
