
Microsoft Visual Studio Solution File, Format Version 12.00
# Visual Studio Version 16
VisualStudioVersion = 16.0.32510.428
MinimumVisualStudioVersion = 10.0.40219.1
Project("{FAE04EC0-301F-11D3-BF4B-00C04F79EFBC}") = "Hello World", "Hello World\Hello World.csproj", "{1B2C7868-CC4F-4FC0-8895-A7BFB426ECDB}"
EndProject
Global
	GlobalSection(SolutionConfigurationPlatforms) = preSolution
		Debug|Any CPU = Debug|Any CPU
		Release|Any CPU = Release|Any CPU
	EndGlobalSection
	GlobalSection(ProjectConfigurationPlatforms) = postSolution
		{1B2C7868-CC4F-4FC0-8895-A7BFB426ECDB}.Debug|Any CPU.ActiveCfg = Debug|Any CPU
		{1B2C7868-CC4F-4FC0-8895-A7BFB426ECDB}.Debug|Any CPU.Build.0 = Debug|Any CPU
		{1B2C7868-CC4F-4FC0-8895-A7BFB426ECDB}.Release|Any CPU.ActiveCfg = Release|Any CPU
		{1B2C7868-CC4F-4FC0-8895-A7BFB426ECDB}.Release|Any CPU.Build.0 = Release|Any CPU
	EndGlobalSection
	GlobalSection(SolutionProperties) = preSolution
		HideSolutionNode = FALSE
	EndGlobalSection
	GlobalSection(ExtensibilityGlobals) = postSolution
		SolutionGuid = {EB1B23F0-BE47-44A7-ABA7-C671AB6AFAC1}
	EndGlobalSection
EndGlobal
