
Microsoft Visual Studio Solution File, Format Version 12.00
# Visual Studio Version 17
VisualStudioVersion = 17.2.32526.322
MinimumVisualStudioVersion = 10.0.40219.1
Project("{FAE04EC0-301F-11D3-BF4B-00C04F79EFBC}") = "operators", "operators.csproj", "{EBFEA5E6-30FF-40F3-8696-6C49A642623F}"
EndProject
Global
	GlobalSection(SolutionConfigurationPlatforms) = preSolution
		Debug|Any CPU = Debug|Any CPU
		Release|Any CPU = Release|Any CPU
	EndGlobalSection
	GlobalSection(ProjectConfigurationPlatforms) = postSolution
		{EBFEA5E6-30FF-40F3-8696-6C49A642623F}.Debug|Any CPU.ActiveCfg = Debug|Any CPU
		{EBFEA5E6-30FF-40F3-8696-6C49A642623F}.Debug|Any CPU.Build.0 = Debug|Any CPU
		{EBFEA5E6-30FF-40F3-8696-6C49A642623F}.Release|Any CPU.ActiveCfg = Release|Any CPU
		{EBFEA5E6-30FF-40F3-8696-6C49A642623F}.Release|Any CPU.Build.0 = Release|Any CPU
	EndGlobalSection
	GlobalSection(SolutionProperties) = preSolution
		HideSolutionNode = FALSE
	EndGlobalSection
	GlobalSection(ExtensibilityGlobals) = postSolution
		SolutionGuid = {FCEA43A7-F2E1-43F7-9D9D-558857BCC2C5}
	EndGlobalSection
EndGlobal
